uuid: 7e4d790b-0c1f-47f3-acec-8fcfb900c2a1
langcode: en
status: true
dependencies:
  module:
    - news_section
    - node
    - system
  theme:
    - agave
id: agave_newssectionblock
theme: agave
region: content
weight: -1
provider: null
plugin: news_section
settings:
  id: news_section
  label: 'News Section Block'
  provider: news_section
  label_display: visible
visibility:
  node_type:
    id: node_type
    bundles:
      article: article
    negate: false
    context_mapping:
      node: '@node.node_route_context:node'
  request_path:
    id: request_path
    pages: /
    negate: false
    context_mapping: {  }
