uuid: ec2275d2-aab3-47c7-8c21-fce45f5addeb
langcode: en
status: true
dependencies:
  module:
    - header_menu
  theme:
    - agave
id: agave_headermenublock
theme: agave
region: content
weight: -7
provider: null
plugin: header_menu
settings:
  id: header_menu
  label: 'Header Menu Block'
  provider: header_menu
  label_display: '0'
visibility: {  }
